
Microsoft Visual Studio Solution File, Format Version 12.00
# Visual Studio 2013
VisualStudioVersion = 12.0.30501.0
MinimumVisualStudioVersion = 10.0.40219.1
Project("{2150E333-8FDC-42A3-9474-1A3956D46DE8}") = "RoW", "RoW", "{759CC9B2-7BC8-4119-88D0-782CD9ABB109}"
EndProject
Project("{FAE04EC0-301F-11D3-BF4B-00C04F79EFBC}") = "RoW", "Ripples of War\RoW.csproj", "{0205F1EE-ABB4-4A60-98C1-A0AEEC9ADC98}"
EndProject
Global
	GlobalSection(SolutionConfigurationPlatforms) = preSolution
		Debug|Any CPU = Debug|Any CPU
		Release|Any CPU = Release|Any CPU
	EndGlobalSection
	GlobalSection(ProjectConfigurationPlatforms) = postSolution
		{0205F1EE-ABB4-4A60-98C1-A0AEEC9ADC98}.Debug|Any CPU.ActiveCfg = Debug|Any CPU
		{0205F1EE-ABB4-4A60-98C1-A0AEEC9ADC98}.Debug|Any CPU.Build.0 = Debug|Any CPU
		{0205F1EE-ABB4-4A60-98C1-A0AEEC9ADC98}.Release|Any CPU.ActiveCfg = Release|Any CPU
		{0205F1EE-ABB4-4A60-98C1-A0AEEC9ADC98}.Release|Any CPU.Build.0 = Release|Any CPU
	EndGlobalSection
	GlobalSection(SolutionProperties) = preSolution
		HideSolutionNode = FALSE
	EndGlobalSection
	GlobalSection(NestedProjects) = preSolution
		{0205F1EE-ABB4-4A60-98C1-A0AEEC9ADC98} = {759CC9B2-7BC8-4119-88D0-782CD9ABB109}
	EndGlobalSection
EndGlobal
